
Microsoft Visual Studio Solution File, Format Version 12.00
# Visual Studio 14
VisualStudioVersion = 14.0.24720.0
MinimumVisualStudioVersion = 10.0.40219.1
Project("{FAE04EC0-301F-11D3-BF4B-00C04F79EFBC}") = "Keylol", "Keylol\Keylol.csproj", "{567C5AF9-9C86-4C8C-9C33-DAB688A5AFEB}"
EndProject
Project("{2150E333-8FDC-42A3-9474-1A3956D46DE8}") = "Solution Items", "Solution Items", "{0187674C-6777-4CC5-A5FE-4CC0C5D3F9EF}"
	ProjectSection(SolutionItems) = preProject
		.gitattributes = .gitattributes
		.gitignore = .gitignore
		README.md = README.md
	EndProjectSection
EndProject
Project("{2150E333-8FDC-42A3-9474-1A3956D46DE8}") = ".nuget", ".nuget", "{BD21F7D9-2ABA-4368-8F14-64C25C33E27C}"
	ProjectSection(SolutionItems) = preProject
		.nuget\NuGet.Config = .nuget\NuGet.Config
		.nuget\NuGet.exe = .nuget\NuGet.exe
		.nuget\NuGet.targets = .nuget\NuGet.targets
	EndProjectSection
EndProject
Project("{FAE04EC0-301F-11D3-BF4B-00C04F79EFBC}") = "Keylol.FontGarage", "Keylol.FontGarage\Keylol.FontGarage.csproj", "{4D6BE600-2386-4739-8C5D-FB767B84F6EA}"
EndProject
Project("{FAE04EC0-301F-11D3-BF4B-00C04F79EFBC}") = "Keylol.FontGarage.OnlineDemo", "Keylol.FontGarage.OnlineDemo\Keylol.FontGarage.OnlineDemo.csproj", "{A52D0AF5-DA1A-49D3-98A1-FFDD59B80D9A}"
EndProject
Project("{FAE04EC0-301F-11D3-BF4B-00C04F79EFBC}") = "Keylol.FontGarage.CLI", "Keylol.FontGarage.CLI\Keylol.FontGarage.CLI.csproj", "{677D7DEE-3340-4084-B3DF-303CA9DB865B}"
EndProject
Project("{FAE04EC0-301F-11D3-BF4B-00C04F79EFBC}") = "Keylol.SteamBot", "Keylol.SteamBot\Keylol.SteamBot.csproj", "{22296DE4-31A4-4BEA-9601-5C468D50CAAC}"
	ProjectSection(ProjectDependencies) = postProject
		{567C5AF9-9C86-4C8C-9C33-DAB688A5AFEB} = {567C5AF9-9C86-4C8C-9C33-DAB688A5AFEB}
	EndProjectSection
EndProject
Project("{FAE04EC0-301F-11D3-BF4B-00C04F79EFBC}") = "Keylol.Models", "Keylol.Models\Keylol.Models.csproj", "{B6C4CDB8-070E-422C-B243-1D488AC1548A}"
EndProject
Global
	GlobalSection(SolutionConfigurationPlatforms) = preSolution
		Debug|Any CPU = Debug|Any CPU
		Release|Any CPU = Release|Any CPU
	EndGlobalSection
	GlobalSection(ProjectConfigurationPlatforms) = postSolution
		{567C5AF9-9C86-4C8C-9C33-DAB688A5AFEB}.Debug|Any CPU.ActiveCfg = Debug|Any CPU
		{567C5AF9-9C86-4C8C-9C33-DAB688A5AFEB}.Debug|Any CPU.Build.0 = Debug|Any CPU
		{567C5AF9-9C86-4C8C-9C33-DAB688A5AFEB}.Release|Any CPU.ActiveCfg = Release|Any CPU
		{567C5AF9-9C86-4C8C-9C33-DAB688A5AFEB}.Release|Any CPU.Build.0 = Release|Any CPU
		{4D6BE600-2386-4739-8C5D-FB767B84F6EA}.Debug|Any CPU.ActiveCfg = Debug|Any CPU
		{4D6BE600-2386-4739-8C5D-FB767B84F6EA}.Debug|Any CPU.Build.0 = Debug|Any CPU
		{4D6BE600-2386-4739-8C5D-FB767B84F6EA}.Release|Any CPU.ActiveCfg = Release|Any CPU
		{4D6BE600-2386-4739-8C5D-FB767B84F6EA}.Release|Any CPU.Build.0 = Release|Any CPU
		{A52D0AF5-DA1A-49D3-98A1-FFDD59B80D9A}.Debug|Any CPU.ActiveCfg = Debug|Any CPU
		{A52D0AF5-DA1A-49D3-98A1-FFDD59B80D9A}.Debug|Any CPU.Build.0 = Debug|Any CPU
		{A52D0AF5-DA1A-49D3-98A1-FFDD59B80D9A}.Release|Any CPU.ActiveCfg = Release|Any CPU
		{A52D0AF5-DA1A-49D3-98A1-FFDD59B80D9A}.Release|Any CPU.Build.0 = Release|Any CPU
		{677D7DEE-3340-4084-B3DF-303CA9DB865B}.Debug|Any CPU.ActiveCfg = Debug|Any CPU
		{677D7DEE-3340-4084-B3DF-303CA9DB865B}.Debug|Any CPU.Build.0 = Debug|Any CPU
		{677D7DEE-3340-4084-B3DF-303CA9DB865B}.Release|Any CPU.ActiveCfg = Release|Any CPU
		{677D7DEE-3340-4084-B3DF-303CA9DB865B}.Release|Any CPU.Build.0 = Release|Any CPU
		{22296DE4-31A4-4BEA-9601-5C468D50CAAC}.Debug|Any CPU.ActiveCfg = Debug|Any CPU
		{22296DE4-31A4-4BEA-9601-5C468D50CAAC}.Debug|Any CPU.Build.0 = Debug|Any CPU
		{22296DE4-31A4-4BEA-9601-5C468D50CAAC}.Release|Any CPU.ActiveCfg = Release|Any CPU
		{22296DE4-31A4-4BEA-9601-5C468D50CAAC}.Release|Any CPU.Build.0 = Release|Any CPU
		{B6C4CDB8-070E-422C-B243-1D488AC1548A}.Debug|Any CPU.ActiveCfg = Debug|Any CPU
		{B6C4CDB8-070E-422C-B243-1D488AC1548A}.Debug|Any CPU.Build.0 = Debug|Any CPU
		{B6C4CDB8-070E-422C-B243-1D488AC1548A}.Release|Any CPU.ActiveCfg = Release|Any CPU
		{B6C4CDB8-070E-422C-B243-1D488AC1548A}.Release|Any CPU.Build.0 = Release|Any CPU
	EndGlobalSection
	GlobalSection(SolutionProperties) = preSolution
		HideSolutionNode = FALSE
	EndGlobalSection
EndGlobal
