
Microsoft Visual Studio Solution File, Format Version 12.00
# Visual Studio 2013
VisualStudioVersion = 12.0.31101.0
MinimumVisualStudioVersion = 10.0.40219.1
Project("{FAE04EC0-301F-11D3-BF4B-00C04F79EFBC}") = "Keylol", "Keylol\Keylol.csproj", "{567C5AF9-9C86-4C8C-9C33-DAB688A5AFEB}"
EndProject
Project("{2150E333-8FDC-42A3-9474-1A3956D46DE8}") = "Solution Items", "Solution Items", "{0187674C-6777-4CC5-A5FE-4CC0C5D3F9EF}"
	ProjectSection(SolutionItems) = preProject
		.gitattributes = .gitattributes
		.gitignore = .gitignore
		README.md = README.md
	EndProjectSection
EndProject
Global
	GlobalSection(SolutionConfigurationPlatforms) = preSolution
		Debug|Any CPU = Debug|Any CPU
		Release|Any CPU = Release|Any CPU
	EndGlobalSection
	GlobalSection(ProjectConfigurationPlatforms) = postSolution
		{567C5AF9-9C86-4C8C-9C33-DAB688A5AFEB}.Debug|Any CPU.ActiveCfg = Debug|Any CPU
		{567C5AF9-9C86-4C8C-9C33-DAB688A5AFEB}.Debug|Any CPU.Build.0 = Debug|Any CPU
		{567C5AF9-9C86-4C8C-9C33-DAB688A5AFEB}.Release|Any CPU.ActiveCfg = Release|Any CPU
		{567C5AF9-9C86-4C8C-9C33-DAB688A5AFEB}.Release|Any CPU.Build.0 = Release|Any CPU
	EndGlobalSection
	GlobalSection(SolutionProperties) = preSolution
		HideSolutionNode = FALSE
	EndGlobalSection
EndGlobal
